// !$*UTF8*$!
{
	archiveVersion = 1;
	classes = {
	};
	objectVersion = 48;
	objects = {

/* Begin PBXBuildFile section */
		455487C708313F6FD439413A /* AssetsLibrary.framework in Frameworks */ = {isa = PBXBuildFile; fileRef = DC70A33F22C21D197DB791A1 /* AssetsLibrary.framework */; };
		4D08A4CB37893AB3BEDB34BE /* QuartzCore.framework in Frameworks */ = {isa = PBXBuildFile; fileRef = A1AC7C27D8ECDAFCDBCD22E1 /* QuartzCore.framework */; };
		76CDB24E1A96242C0DA711D0 /* CoreTelephony.framework in Frameworks */ = {isa = PBXBuildFile; fileRef = B94B84DD1141C2B1DA7F3480 /* CoreTelephony.framework */; };
		8886978DC1C9B5F321D7174C /* BuddyBuildSDK.framework in Frameworks */ = {isa = PBXBuildFile; fileRef = 51914163BE19AB83B83D7954 /* BuddyBuildSDK.framework */; };
		8BF408DB1FA1478C00BFF2D3 /* AppDelegate.swift in Sources */ = {isa = PBXBuildFile; fileRef = 8BF408DA1FA1478C00BFF2D3 /* AppDelegate.swift */; };
		8BF408DD1FA1478C00BFF2D3 /* ViewController.swift in Sources */ = {isa = PBXBuildFile; fileRef = 8BF408DC1FA1478C00BFF2D3 /* ViewController.swift */; };
		8BF408E01FA1478C00BFF2D3 /* Main.storyboard in Resources */ = {isa = PBXBuildFile; fileRef = 8BF408DE1FA1478C00BFF2D3 /* Main.storyboard */; };
		8BF408E21FA1478C00BFF2D3 /* Assets.xcassets in Resources */ = {isa = PBXBuildFile; fileRef = 8BF408E11FA1478C00BFF2D3 /* Assets.xcassets */; };
		8BF408E51FA1478C00BFF2D3 /* LaunchScreen.storyboard in Resources */ = {isa = PBXBuildFile; fileRef = 8BF408E31FA1478C00BFF2D3 /* LaunchScreen.storyboard */; };
		8BF408F01FA1478C00BFF2D3 /* SDKHostTests.swift in Sources */ = {isa = PBXBuildFile; fileRef = 8BF408EF1FA1478C00BFF2D3 /* SDKHostTests.swift */; };
		8BF408FB1FA1478C00BFF2D3 /* SDKHostUITests.swift in Sources */ = {isa = PBXBuildFile; fileRef = 8BF408FA1FA1478C00BFF2D3 /* SDKHostUITests.swift */; };
		98610711BB9C0D622A6E6C07 /* CoreVideo.framework in Frameworks */ = {isa = PBXBuildFile; fileRef = 96AAC4063F2226CDFA152DA4 /* CoreVideo.framework */; };
		B1B911E8F8E19873745A3216 /* AVFoundation.framework in Frameworks */ = {isa = PBXBuildFile; fileRef = 5181EEEFE6ADD66A097EE5AC /* AVFoundation.framework */; };
		B357944AFDC723990AA2D950 /* CoreMedia.framework in Frameworks */ = {isa = PBXBuildFile; fileRef = 56AAF6524C0F8BF047CF418C /* CoreMedia.framework */; };
		B7FE8D2C442A9E3EF237EA03 /* SystemConfiguration.framework in Frameworks */ = {isa = PBXBuildFile; fileRef = 3E1E4ADAF51909795494CE61 /* SystemConfiguration.framework */; };
		CCDD62C329CF19BADFF7695D /* CoreText.framework in Frameworks */ = {isa = PBXBuildFile; fileRef = 66A874ABFCF5A96EEE9420E2 /* CoreText.framework */; };
/* End PBXBuildFile section */

/* Begin PBXContainerItemProxy section */
		8BF408EC1FA1478C00BFF2D3 /* PBXContainerItemProxy */ = {
			isa = PBXContainerItemProxy;
			containerPortal = 8BF408CF1FA1478C00BFF2D3 /* Project object */;
			proxyType = 1;
			remoteGlobalIDString = 8BF408D61FA1478C00BFF2D3;
			remoteInfo = SDKHost;
		};
		8BF408F71FA1478C00BFF2D3 /* PBXContainerItemProxy */ = {
			isa = PBXContainerItemProxy;
			containerPortal = 8BF408CF1FA1478C00BFF2D3 /* Project object */;
			proxyType = 1;
			remoteGlobalIDString = 8BF408D61FA1478C00BFF2D3;
			remoteInfo = SDKHost;
		};
/* End PBXContainerItemProxy section */

/* Begin PBXFileReference section */
		3E1E4ADAF51909795494CE61 /* SystemConfiguration.framework */ = {isa = PBXFileReference; lastKnownFileType = wrapper.framework; name = SystemConfiguration.framework; path = System/Library/Frameworks/SystemConfiguration.framework; sourceTree = SDKROOT; };
		5181EEEFE6ADD66A097EE5AC /* AVFoundation.framework */ = {isa = PBXFileReference; lastKnownFileType = wrapper.framework; name = AVFoundation.framework; path = System/Library/Frameworks/AVFoundation.framework; sourceTree = SDKROOT; };
		51914163BE19AB83B83D7954 /* BuddyBuildSDK.framework */ = {isa = PBXFileReference; lastKnownFileType = wrapper.framework; name = BuddyBuildSDK.framework; path = BuddyBuildSDK.framework; sourceTree = "<group>"; };
		56AAF6524C0F8BF047CF418C /* CoreMedia.framework */ = {isa = PBXFileReference; lastKnownFileType = wrapper.framework; name = CoreMedia.framework; path = System/Library/Frameworks/CoreMedia.framework; sourceTree = SDKROOT; };
		66A874ABFCF5A96EEE9420E2 /* CoreText.framework */ = {isa = PBXFileReference; lastKnownFileType = wrapper.framework; name = CoreText.framework; path = System/Library/Frameworks/CoreText.framework; sourceTree = SDKROOT; };
		8BF408D71FA1478C00BFF2D3 /* SDKHost.app */ = {isa = PBXFileReference; explicitFileType = wrapper.application; includeInIndex = 0; path = SDKHost.app; sourceTree = BUILT_PRODUCTS_DIR; };
		8BF408DA1FA1478C00BFF2D3 /* AppDelegate.swift */ = {isa = PBXFileReference; lastKnownFileType = sourcecode.swift; path = AppDelegate.swift; sourceTree = "<group>"; };
		8BF408DC1FA1478C00BFF2D3 /* ViewController.swift */ = {isa = PBXFileReference; lastKnownFileType = sourcecode.swift; path = ViewController.swift; sourceTree = "<group>"; };
		8BF408DF1FA1478C00BFF2D3 /* Base */ = {isa = PBXFileReference; lastKnownFileType = file.storyboard; name = Base; path = Base.lproj/Main.storyboard; sourceTree = "<group>"; };
		8BF408E11FA1478C00BFF2D3 /* Assets.xcassets */ = {isa = PBXFileReference; lastKnownFileType = folder.assetcatalog; path = Assets.xcassets; sourceTree = "<group>"; };
		8BF408E41FA1478C00BFF2D3 /* Base */ = {isa = PBXFileReference; lastKnownFileType = file.storyboard; name = Base; path = Base.lproj/LaunchScreen.storyboard; sourceTree = "<group>"; };
		8BF408E61FA1478C00BFF2D3 /* Info.plist */ = {isa = PBXFileReference; lastKnownFileType = text.plist.xml; path = Info.plist; sourceTree = "<group>"; };
		8BF408EB1FA1478C00BFF2D3 /* SDKHostTests.xctest */ = {isa = PBXFileReference; explicitFileType = wrapper.cfbundle; includeInIndex = 0; path = SDKHostTests.xctest; sourceTree = BUILT_PRODUCTS_DIR; };
		8BF408EF1FA1478C00BFF2D3 /* SDKHostTests.swift */ = {isa = PBXFileReference; lastKnownFileType = sourcecode.swift; path = SDKHostTests.swift; sourceTree = "<group>"; };
		8BF408F11FA1478C00BFF2D3 /* Info.plist */ = {isa = PBXFileReference; lastKnownFileType = text.plist.xml; path = Info.plist; sourceTree = "<group>"; };
		8BF408F61FA1478C00BFF2D3 /* SDKHostUITests.xctest */ = {isa = PBXFileReference; explicitFileType = wrapper.cfbundle; includeInIndex = 0; path = SDKHostUITests.xctest; sourceTree = BUILT_PRODUCTS_DIR; };
		8BF408FA1FA1478C00BFF2D3 /* SDKHostUITests.swift */ = {isa = PBXFileReference; lastKnownFileType = sourcecode.swift; path = SDKHostUITests.swift; sourceTree = "<group>"; };
		8BF408FC1FA1478C00BFF2D3 /* Info.plist */ = {isa = PBXFileReference; lastKnownFileType = text.plist.xml; path = Info.plist; sourceTree = "<group>"; };
		96AAC4063F2226CDFA152DA4 /* CoreVideo.framework */ = {isa = PBXFileReference; lastKnownFileType = wrapper.framework; name = CoreVideo.framework; path = System/Library/Frameworks/CoreVideo.framework; sourceTree = SDKROOT; };
		A1AC7C27D8ECDAFCDBCD22E1 /* QuartzCore.framework */ = {isa = PBXFileReference; lastKnownFileType = wrapper.framework; name = QuartzCore.framework; path = System/Library/Frameworks/QuartzCore.framework; sourceTree = SDKROOT; };
		B94B84DD1141C2B1DA7F3480 /* CoreTelephony.framework */ = {isa = PBXFileReference; lastKnownFileType = wrapper.framework; name = CoreTelephony.framework; path = System/Library/Frameworks/CoreTelephony.framework; sourceTree = SDKROOT; };
		DC70A33F22C21D197DB791A1 /* AssetsLibrary.framework */ = {isa = PBXFileReference; lastKnownFileType = wrapper.framework; name = AssetsLibrary.framework; path = System/Library/Frameworks/AssetsLibrary.framework; sourceTree = SDKROOT; };
		F4B61883E1119328A0F1FF70 /* Bridging-Header.h */ = {isa = PBXFileReference; includeInIndex = 1; lastKnownFileType = sourcecode.c.h; path = "Bridging-Header.h"; sourceTree = "<group>"; };
/* End PBXFileReference section */

/* Begin PBXFrameworksBuildPhase section */
		8BF408D41FA1478C00BFF2D3 /* Frameworks */ = {
			isa = PBXFrameworksBuildPhase;
			buildActionMask = 2147483647;
			files = (
				8886978DC1C9B5F321D7174C /* BuddyBuildSDK.framework in Frameworks */,
				455487C708313F6FD439413A /* AssetsLibrary.framework in Frameworks */,
				CCDD62C329CF19BADFF7695D /* CoreText.framework in Frameworks */,
				76CDB24E1A96242C0DA711D0 /* CoreTelephony.framework in Frameworks */,
				B7FE8D2C442A9E3EF237EA03 /* SystemConfiguration.framework in Frameworks */,
				4D08A4CB37893AB3BEDB34BE /* QuartzCore.framework in Frameworks */,
				B1B911E8F8E19873745A3216 /* AVFoundation.framework in Frameworks */,
				B357944AFDC723990AA2D950 /* CoreMedia.framework in Frameworks */,
				98610711BB9C0D622A6E6C07 /* CoreVideo.framework in Frameworks */,
			);
			runOnlyForDeploymentPostprocessing = 0;
		};
		8BF408E81FA1478C00BFF2D3 /* Frameworks */ = {
			isa = PBXFrameworksBuildPhase;
			buildActionMask = 2147483647;
			files = (
			);
			runOnlyForDeploymentPostprocessing = 0;
		};
		8BF408F31FA1478C00BFF2D3 /* Frameworks */ = {
			isa = PBXFrameworksBuildPhase;
			buildActionMask = 2147483647;
			files = (
			);
			runOnlyForDeploymentPostprocessing = 0;
		};
/* End PBXFrameworksBuildPhase section */

/* Begin PBXGroup section */
		5FC496DB1030B2F1B1DD6BA0 /* Frameworks */ = {
			isa = PBXGroup;
			children = (
				51914163BE19AB83B83D7954 /* BuddyBuildSDK.framework */,
				DC70A33F22C21D197DB791A1 /* AssetsLibrary.framework */,
				66A874ABFCF5A96EEE9420E2 /* CoreText.framework */,
				B94B84DD1141C2B1DA7F3480 /* CoreTelephony.framework */,
				3E1E4ADAF51909795494CE61 /* SystemConfiguration.framework */,
				A1AC7C27D8ECDAFCDBCD22E1 /* QuartzCore.framework */,
				5181EEEFE6ADD66A097EE5AC /* AVFoundation.framework */,
				56AAF6524C0F8BF047CF418C /* CoreMedia.framework */,
				96AAC4063F2226CDFA152DA4 /* CoreVideo.framework */,
			);
			name = Frameworks;
			sourceTree = "<group>";
		};
		8BF408CE1FA1478C00BFF2D3 = {
			isa = PBXGroup;
			children = (
				8BF408D91FA1478C00BFF2D3 /* SDKHost */,
				8BF408EE1FA1478C00BFF2D3 /* SDKHostTests */,
				8BF408F91FA1478C00BFF2D3 /* SDKHostUITests */,
				8BF408D81FA1478C00BFF2D3 /* Products */,
				5FC496DB1030B2F1B1DD6BA0 /* Frameworks */,
				F4B61883E1119328A0F1FF70 /* Bridging-Header.h */,
			);
			sourceTree = "<group>";
		};
		8BF408D81FA1478C00BFF2D3 /* Products */ = {
			isa = PBXGroup;
			children = (
				8BF408D71FA1478C00BFF2D3 /* SDKHost.app */,
				8BF408EB1FA1478C00BFF2D3 /* SDKHostTests.xctest */,
				8BF408F61FA1478C00BFF2D3 /* SDKHostUITests.xctest */,
			);
			name = Products;
			sourceTree = "<group>";
		};
		8BF408D91FA1478C00BFF2D3 /* SDKHost */ = {
			isa = PBXGroup;
			children = (
				8BF408DA1FA1478C00BFF2D3 /* AppDelegate.swift */,
				8BF408DC1FA1478C00BFF2D3 /* ViewController.swift */,
				8BF408DE1FA1478C00BFF2D3 /* Main.storyboard */,
				8BF408E11FA1478C00BFF2D3 /* Assets.xcassets */,
				8BF408E31FA1478C00BFF2D3 /* LaunchScreen.storyboard */,
				8BF408E61FA1478C00BFF2D3 /* Info.plist */,
			);
			path = SDKHost;
			sourceTree = "<group>";
		};
		8BF408EE1FA1478C00BFF2D3 /* SDKHostTests */ = {
			isa = PBXGroup;
			children = (
				8BF408EF1FA1478C00BFF2D3 /* SDKHostTests.swift */,
				8BF408F11FA1478C00BFF2D3 /* Info.plist */,
			);
			path = SDKHostTests;
			sourceTree = "<group>";
		};
		8BF408F91FA1478C00BFF2D3 /* SDKHostUITests */ = {
			isa = PBXGroup;
			children = (
				8BF408FA1FA1478C00BFF2D3 /* SDKHostUITests.swift */,
				8BF408FC1FA1478C00BFF2D3 /* Info.plist */,
			);
			path = SDKHostUITests;
			sourceTree = "<group>";
		};
/* End PBXGroup section */

/* Begin PBXNativeTarget section */
		8BF408D61FA1478C00BFF2D3 /* SDKHost */ = {
			isa = PBXNativeTarget;
			buildConfigurationList = 8BF408FF1FA1478C00BFF2D3 /* Build configuration list for PBXNativeTarget "SDKHost" */;
			buildPhases = (
				8BF408D31FA1478C00BFF2D3 /* Sources */,
				8BF408D41FA1478C00BFF2D3 /* Frameworks */,
				8BF408D51FA1478C00BFF2D3 /* Resources */,
			);
			buildRules = (
			);
			dependencies = (
			);
			name = SDKHost;
			productName = SDKHost;
			productReference = 8BF408D71FA1478C00BFF2D3 /* SDKHost.app */;
			productType = "com.apple.product-type.application";
		};
		8BF408EA1FA1478C00BFF2D3 /* SDKHostTests */ = {
			isa = PBXNativeTarget;
			buildConfigurationList = 8BF409021FA1478C00BFF2D3 /* Build configuration list for PBXNativeTarget "SDKHostTests" */;
			buildPhases = (
				8BF408E71FA1478C00BFF2D3 /* Sources */,
				8BF408E81FA1478C00BFF2D3 /* Frameworks */,
				8BF408E91FA1478C00BFF2D3 /* Resources */,
			);
			buildRules = (
			);
			dependencies = (
				8BF408ED1FA1478C00BFF2D3 /* PBXTargetDependency */,
			);
			name = SDKHostTests;
			productName = SDKHostTests;
			productReference = 8BF408EB1FA1478C00BFF2D3 /* SDKHostTests.xctest */;
			productType = "com.apple.product-type.bundle.unit-test";
		};
		8BF408F51FA1478C00BFF2D3 /* SDKHostUITests */ = {
			isa = PBXNativeTarget;
			buildConfigurationList = 8BF409051FA1478C00BFF2D3 /* Build configuration list for PBXNativeTarget "SDKHostUITests" */;
			buildPhases = (
				8BF408F21FA1478C00BFF2D3 /* Sources */,
				8BF408F31FA1478C00BFF2D3 /* Frameworks */,
				8BF408F41FA1478C00BFF2D3 /* Resources */,
			);
			buildRules = (
			);
			dependencies = (
				8BF408F81FA1478C00BFF2D3 /* PBXTargetDependency */,
			);
			name = SDKHostUITests;
			productName = SDKHostUITests;
			productReference = 8BF408F61FA1478C00BFF2D3 /* SDKHostUITests.xctest */;
			productType = "com.apple.product-type.bundle.ui-testing";
		};
/* End PBXNativeTarget section */

/* Begin PBXProject section */
		8BF408CF1FA1478C00BFF2D3 /* Project object */ = {
			isa = PBXProject;
			attributes = {
				LastSwiftUpdateCheck = 0900;
				LastUpgradeCheck = 0900;
				ORGANIZATIONNAME = Buddybuild;
				TargetAttributes = {
					8BF408D61FA1478C00BFF2D3 = {
						CreatedOnToolsVersion = 9.0;
						ProvisioningStyle = Automatic;
					};
					8BF408EA1FA1478C00BFF2D3 = {
						CreatedOnToolsVersion = 9.0;
						ProvisioningStyle = Automatic;
						TestTargetID = 8BF408D61FA1478C00BFF2D3;
					};
					8BF408F51FA1478C00BFF2D3 = {
						CreatedOnToolsVersion = 9.0;
						ProvisioningStyle = Automatic;
						TestTargetID = 8BF408D61FA1478C00BFF2D3;
					};
				};
			};
			buildConfigurationList = 8BF408D21FA1478C00BFF2D3 /* Build configuration list for PBXProject "SDKHost" */;
			compatibilityVersion = "Xcode 8.0";
			developmentRegion = en;
			hasScannedForEncodings = 0;
			knownRegions = (
				en,
				Base,
			);
			mainGroup = 8BF408CE1FA1478C00BFF2D3;
			productRefGroup = 8BF408D81FA1478C00BFF2D3 /* Products */;
			projectDirPath = "";
			projectRoot = "";
			targets = (
				8BF408D61FA1478C00BFF2D3 /* SDKHost */,
				8BF408EA1FA1478C00BFF2D3 /* SDKHostTests */,
				8BF408F51FA1478C00BFF2D3 /* SDKHostUITests */,
			);
		};
/* End PBXProject section */

/* Begin PBXResourcesBuildPhase section */
		8BF408D51FA1478C00BFF2D3 /* Resources */ = {
			isa = PBXResourcesBuildPhase;
			buildActionMask = 2147483647;
			files = (
				8BF408E51FA1478C00BFF2D3 /* LaunchScreen.storyboard in Resources */,
				8BF408E21FA1478C00BFF2D3 /* Assets.xcassets in Resources */,
				8BF408E01FA1478C00BFF2D3 /* Main.storyboard in Resources */,
			);
			runOnlyForDeploymentPostprocessing = 0;
		};
		8BF408E91FA1478C00BFF2D3 /* Resources */ = {
			isa = PBXResourcesBuildPhase;
			buildActionMask = 2147483647;
			files = (
			);
			runOnlyForDeploymentPostprocessing = 0;
		};
		8BF408F41FA1478C00BFF2D3 /* Resources */ = {
			isa = PBXResourcesBuildPhase;
			buildActionMask = 2147483647;
			files = (
			);
			runOnlyForDeploymentPostprocessing = 0;
		};
/* End PBXResourcesBuildPhase section */

/* Begin PBXSourcesBuildPhase section */
		8BF408D31FA1478C00BFF2D3 /* Sources */ = {
			isa = PBXSourcesBuildPhase;
			buildActionMask = 2147483647;
			files = (
				8BF408DD1FA1478C00BFF2D3 /* ViewController.swift in Sources */,
				8BF408DB1FA1478C00BFF2D3 /* AppDelegate.swift in Sources */,
			);
			runOnlyForDeploymentPostprocessing = 0;
		};
		8BF408E71FA1478C00BFF2D3 /* Sources */ = {
			isa = PBXSourcesBuildPhase;
			buildActionMask = 2147483647;
			files = (
				8BF408F01FA1478C00BFF2D3 /* SDKHostTests.swift in Sources */,
			);
			runOnlyForDeploymentPostprocessing = 0;
		};
		8BF408F21FA1478C00BFF2D3 /* Sources */ = {
			isa = PBXSourcesBuildPhase;
			buildActionMask = 2147483647;
			files = (
				8BF408FB1FA1478C00BFF2D3 /* SDKHostUITests.swift in Sources */,
			);
			runOnlyForDeploymentPostprocessing = 0;
		};
/* End PBXSourcesBuildPhase section */

/* Begin PBXTargetDependency section */
		8BF408ED1FA1478C00BFF2D3 /* PBXTargetDependency */ = {
			isa = PBXTargetDependency;
			target = 8BF408D61FA1478C00BFF2D3 /* SDKHost */;
			targetProxy = 8BF408EC1FA1478C00BFF2D3 /* PBXContainerItemProxy */;
		};
		8BF408F81FA1478C00BFF2D3 /* PBXTargetDependency */ = {
			isa = PBXTargetDependency;
			target = 8BF408D61FA1478C00BFF2D3 /* SDKHost */;
			targetProxy = 8BF408F71FA1478C00BFF2D3 /* PBXContainerItemProxy */;
		};
/* End PBXTargetDependency section */

/* Begin PBXVariantGroup section */
		8BF408DE1FA1478C00BFF2D3 /* Main.storyboard */ = {
			isa = PBXVariantGroup;
			children = (
				8BF408DF1FA1478C00BFF2D3 /* Base */,
			);
			name = Main.storyboard;
			sourceTree = "<group>";
		};
		8BF408E31FA1478C00BFF2D3 /* LaunchScreen.storyboard */ = {
			isa = PBXVariantGroup;
			children = (
				8BF408E41FA1478C00BFF2D3 /* Base */,
			);
			name = LaunchScreen.storyboard;
			sourceTree = "<group>";
		};
/* End PBXVariantGroup section */

/* Begin XCBuildConfiguration section */
		8BF408FD1FA1478C00BFF2D3 /* Debug */ = {
			isa = XCBuildConfiguration;
			buildSettings = {
				ALWAYS_SEARCH_USER_PATHS = NO;
				CLANG_ANALYZER_NONNULL = YES;
				CLANG_ANALYZER_NUMBER_OBJECT_CONVERSION = YES_AGGRESSIVE;
				CLANG_CXX_LANGUAGE_STANDARD = "gnu++14";
				CLANG_CXX_LIBRARY = "libc++";
				CLANG_ENABLE_MODULES = YES;
				CLANG_ENABLE_OBJC_ARC = YES;
				CLANG_WARN_BLOCK_CAPTURE_AUTORELEASING = YES;
				CLANG_WARN_BOOL_CONVERSION = YES;
				CLANG_WARN_COMMA = YES;
				CLANG_WARN_CONSTANT_CONVERSION = YES;
				CLANG_WARN_DIRECT_OBJC_ISA_USAGE = YES_ERROR;
				CLANG_WARN_DOCUMENTATION_COMMENTS = YES;
				CLANG_WARN_EMPTY_BODY = YES;
				CLANG_WARN_ENUM_CONVERSION = YES;
				CLANG_WARN_INFINITE_RECURSION = YES;
				CLANG_WARN_INT_CONVERSION = YES;
				CLANG_WARN_NON_LITERAL_NULL_CONVERSION = YES;
				CLANG_WARN_OBJC_LITERAL_CONVERSION = YES;
				CLANG_WARN_OBJC_ROOT_CLASS = YES_ERROR;
				CLANG_WARN_RANGE_LOOP_ANALYSIS = YES;
				CLANG_WARN_STRICT_PROTOTYPES = YES;
				CLANG_WARN_SUSPICIOUS_MOVE = YES;
				CLANG_WARN_UNGUARDED_AVAILABILITY = YES_AGGRESSIVE;
				CLANG_WARN_UNREACHABLE_CODE = YES;
				CLANG_WARN__DUPLICATE_METHOD_MATCH = YES;
				CODE_SIGN_IDENTITY = "iPhone Developer";
				COPY_PHASE_STRIP = NO;
				DEBUG_INFORMATION_FORMAT = dwarf;
				ENABLE_STRICT_OBJC_MSGSEND = YES;
				ENABLE_TESTABILITY = YES;
				GCC_C_LANGUAGE_STANDARD = gnu11;
				GCC_DYNAMIC_NO_PIC = NO;
				GCC_NO_COMMON_BLOCKS = YES;
				GCC_OPTIMIZATION_LEVEL = 0;
				GCC_PREPROCESSOR_DEFINITIONS = (
					"DEBUG=1",
					"$(inherited)",
				);
				GCC_WARN_64_TO_32_BIT_CONVERSION = YES;
				GCC_WARN_ABOUT_RETURN_TYPE = YES_ERROR;
				GCC_WARN_UNDECLARED_SELECTOR = YES;
				GCC_WARN_UNINITIALIZED_AUTOS = YES_AGGRESSIVE;
				GCC_WARN_UNUSED_FUNCTION = YES;
				GCC_WARN_UNUSED_VARIABLE = YES;
				IPHONEOS_DEPLOYMENT_TARGET = 11.0;
				MTL_ENABLE_DEBUG_INFO = YES;
				ONLY_ACTIVE_ARCH = YES;
				SDKROOT = iphoneos;
				SWIFT_ACTIVE_COMPILATION_CONDITIONS = DEBUG;
				SWIFT_OPTIMIZATION_LEVEL = "-Onone";
			};
			name = Debug;
		};
		8BF408FE1FA1478C00BFF2D3 /* Release */ = {
			isa = XCBuildConfiguration;
			buildSettings = {
				ALWAYS_SEARCH_USER_PATHS = NO;
				CLANG_ANALYZER_NONNULL = YES;
				CLANG_ANALYZER_NUMBER_OBJECT_CONVERSION = YES_AGGRESSIVE;
				CLANG_CXX_LANGUAGE_STANDARD = "gnu++14";
				CLANG_CXX_LIBRARY = "libc++";
				CLANG_ENABLE_MODULES = YES;
				CLANG_ENABLE_OBJC_ARC = YES;
				CLANG_WARN_BLOCK_CAPTURE_AUTORELEASING = YES;
				CLANG_WARN_BOOL_CONVERSION = YES;
				CLANG_WARN_COMMA = YES;
				CLANG_WARN_CONSTANT_CONVERSION = YES;
				CLANG_WARN_DIRECT_OBJC_ISA_USAGE = YES_ERROR;
				CLANG_WARN_DOCUMENTATION_COMMENTS = YES;
				CLANG_WARN_EMPTY_BODY = YES;
				CLANG_WARN_ENUM_CONVERSION = YES;
				CLANG_WARN_INFINITE_RECURSION = YES;
				CLANG_WARN_INT_CONVERSION = YES;
				CLANG_WARN_NON_LITERAL_NULL_CONVERSION = YES;
				CLANG_WARN_OBJC_LITERAL_CONVERSION = YES;
				CLANG_WARN_OBJC_ROOT_CLASS = YES_ERROR;
				CLANG_WARN_RANGE_LOOP_ANALYSIS = YES;
				CLANG_WARN_STRICT_PROTOTYPES = YES;
				CLANG_WARN_SUSPICIOUS_MOVE = YES;
				CLANG_WARN_UNGUARDED_AVAILABILITY = YES_AGGRESSIVE;
				CLANG_WARN_UNREACHABLE_CODE = YES;
				CLANG_WARN__DUPLICATE_METHOD_MATCH = YES;
				CODE_SIGN_IDENTITY = "iPhone Developer";
				COPY_PHASE_STRIP = NO;
				DEBUG_INFORMATION_FORMAT = "dwarf-with-dsym";
				ENABLE_NS_ASSERTIONS = NO;
				ENABLE_STRICT_OBJC_MSGSEND = YES;
				GCC_C_LANGUAGE_STANDARD = gnu11;
				GCC_NO_COMMON_BLOCKS = YES;
				GCC_WARN_64_TO_32_BIT_CONVERSION = YES;
				GCC_WARN_ABOUT_RETURN_TYPE = YES_ERROR;
				GCC_WARN_UNDECLARED_SELECTOR = YES;
				GCC_WARN_UNINITIALIZED_AUTOS = YES_AGGRESSIVE;
				GCC_WARN_UNUSED_FUNCTION = YES;
				GCC_WARN_UNUSED_VARIABLE = YES;
				IPHONEOS_DEPLOYMENT_TARGET = 11.0;
				MTL_ENABLE_DEBUG_INFO = NO;
				SDKROOT = iphoneos;
				SWIFT_OPTIMIZATION_LEVEL = "-Owholemodule";
				VALIDATE_PRODUCT = YES;
			};
			name = Release;
		};
		8BF409001FA1478C00BFF2D3 /* Debug */ = {
			isa = XCBuildConfiguration;
			buildSettings = {
				ASSETCATALOG_COMPILER_APPICON_NAME = AppIcon;
				CODE_SIGN_STYLE = Automatic;
				DEVELOPMENT_TEAM = L4FET847JL;
				FRAMEWORK_SEARCH_PATHS = (
					"$(inherited)",
					"$(PROJECT_DIR)",
				);
				INFOPLIST_FILE = SDKHost/Info.plist;
				LD_RUNPATH_SEARCH_PATHS = "$(inherited) @executable_path/Frameworks";
				PRODUCT_BUNDLE_IDENTIFIER = com.buddybuild.SDKHost;
				PRODUCT_NAME = "$(TARGET_NAME)";
				SWIFT_OBJC_BRIDGING_HEADER = "Bridging-Header.h";
				SWIFT_VERSION = 4.0;
				TARGETED_DEVICE_FAMILY = "1,2";
			};
			name = Debug;
		};
		8BF409011FA1478C00BFF2D3 /* Release */ = {
			isa = XCBuildConfiguration;
			buildSettings = {
				ASSETCATALOG_COMPILER_APPICON_NAME = AppIcon;
				CODE_SIGN_STYLE = Automatic;
				DEVELOPMENT_TEAM = L4FET847JL;
				FRAMEWORK_SEARCH_PATHS = (
					"$(inherited)",
					"$(PROJECT_DIR)",
				);
				INFOPLIST_FILE = SDKHost/Info.plist;
				LD_RUNPATH_SEARCH_PATHS = "$(inherited) @executable_path/Frameworks";
				PRODUCT_BUNDLE_IDENTIFIER = com.buddybuild.SDKHost;
				PRODUCT_NAME = "$(TARGET_NAME)";
				SWIFT_OBJC_BRIDGING_HEADER = "Bridging-Header.h";
				SWIFT_VERSION = 4.0;
				TARGETED_DEVICE_FAMILY = "1,2";
			};
			name = Release;
		};
		8BF409031FA1478C00BFF2D3 /* Debug */ = {
			isa = XCBuildConfiguration;
			buildSettings = {
				ALWAYS_EMBED_SWIFT_STANDARD_LIBRARIES = YES;
				BUNDLE_LOADER = "$(TEST_HOST)";
				CODE_SIGN_STYLE = Automatic;
				DEVELOPMENT_TEAM = L4FET847JL;
				INFOPLIST_FILE = SDKHostTests/Info.plist;
				LD_RUNPATH_SEARCH_PATHS = "$(inherited) @executable_path/Frameworks @loader_path/Frameworks";
				PRODUCT_BUNDLE_IDENTIFIER = com.buddybuild.SDKHostTests;
				PRODUCT_NAME = "$(TARGET_NAME)";
				SWIFT_VERSION = 4.0;
				TARGETED_DEVICE_FAMILY = "1,2";
				TEST_HOST = "$(BUILT_PRODUCTS_DIR)/SDKHost.app/SDKHost";
			};
			name = Debug;
		};
		8BF409041FA1478C00BFF2D3 /* Release */ = {
			isa = XCBuildConfiguration;
			buildSettings = {
				ALWAYS_EMBED_SWIFT_STANDARD_LIBRARIES = YES;
				BUNDLE_LOADER = "$(TEST_HOST)";
				CODE_SIGN_STYLE = Automatic;
				DEVELOPMENT_TEAM = L4FET847JL;
				INFOPLIST_FILE = SDKHostTests/Info.plist;
				LD_RUNPATH_SEARCH_PATHS = "$(inherited) @executable_path/Frameworks @loader_path/Frameworks";
				PRODUCT_BUNDLE_IDENTIFIER = com.buddybuild.SDKHostTests;
				PRODUCT_NAME = "$(TARGET_NAME)";
				SWIFT_VERSION = 4.0;
				TARGETED_DEVICE_FAMILY = "1,2";
				TEST_HOST = "$(BUILT_PRODUCTS_DIR)/SDKHost.app/SDKHost";
			};
			name = Release;
		};
		8BF409061FA1478C00BFF2D3 /* Debug */ = {
			isa = XCBuildConfiguration;
			buildSettings = {
				ALWAYS_EMBED_SWIFT_STANDARD_LIBRARIES = YES;
				CODE_SIGN_STYLE = Automatic;
				DEVELOPMENT_TEAM = L4FET847JL;
				INFOPLIST_FILE = SDKHostUITests/Info.plist;
				LD_RUNPATH_SEARCH_PATHS = "$(inherited) @executable_path/Frameworks @loader_path/Frameworks";
				PRODUCT_BUNDLE_IDENTIFIER = com.buddybuild.SDKHostUITests;
				PRODUCT_NAME = "$(TARGET_NAME)";
				SWIFT_VERSION = 4.0;
				TARGETED_DEVICE_FAMILY = "1,2";
				TEST_TARGET_NAME = SDKHost;
			};
			name = Debug;
		};
		8BF409071FA1478C00BFF2D3 /* Release */ = {
			isa = XCBuildConfiguration;
			buildSettings = {
				ALWAYS_EMBED_SWIFT_STANDARD_LIBRARIES = YES;
				CODE_SIGN_STYLE = Automatic;
				DEVELOPMENT_TEAM = L4FET847JL;
				INFOPLIST_FILE = SDKHostUITests/Info.plist;
				LD_RUNPATH_SEARCH_PATHS = "$(inherited) @executable_path/Frameworks @loader_path/Frameworks";
				PRODUCT_BUNDLE_IDENTIFIER = com.buddybuild.SDKHostUITests;
				PRODUCT_NAME = "$(TARGET_NAME)";
				SWIFT_VERSION = 4.0;
				TARGETED_DEVICE_FAMILY = "1,2";
				TEST_TARGET_NAME = SDKHost;
			};
			name = Release;
		};
/* End XCBuildConfiguration section */

/* Begin XCConfigurationList section */
		8BF408D21FA1478C00BFF2D3 /* Build configuration list for PBXProject "SDKHost" */ = {
			isa = XCConfigurationList;
			buildConfigurations = (
				8BF408FD1FA1478C00BFF2D3 /* Debug */,
				8BF408FE1FA1478C00BFF2D3 /* Release */,
			);
			defaultConfigurationIsVisible = 0;
			defaultConfigurationName = Release;
		};
		8BF408FF1FA1478C00BFF2D3 /* Build configuration list for PBXNativeTarget "SDKHost" */ = {
			isa = XCConfigurationList;
			buildConfigurations = (
				8BF409001FA1478C00BFF2D3 /* Debug */,
				8BF409011FA1478C00BFF2D3 /* Release */,
			);
			defaultConfigurationIsVisible = 0;
			defaultConfigurationName = Release;
		};
		8BF409021FA1478C00BFF2D3 /* Build configuration list for PBXNativeTarget "SDKHostTests" */ = {
			isa = XCConfigurationList;
			buildConfigurations = (
				8BF409031FA1478C00BFF2D3 /* Debug */,
				8BF409041FA1478C00BFF2D3 /* Release */,
			);
			defaultConfigurationIsVisible = 0;
			defaultConfigurationName = Release;
		};
		8BF409051FA1478C00BFF2D3 /* Build configuration list for PBXNativeTarget "SDKHostUITests" */ = {
			isa = XCConfigurationList;
			buildConfigurations = (
				8BF409061FA1478C00BFF2D3 /* Debug */,
				8BF409071FA1478C00BFF2D3 /* Release */,
			);
			defaultConfigurationIsVisible = 0;
			defaultConfigurationName = Release;
		};
/* End XCConfigurationList section */
	};
	rootObject = 8BF408CF1FA1478C00BFF2D3 /* Project object */;
}
